
Microsoft Visual Studio Solution File, Format Version 12.00
# Visual Studio Version 17
VisualStudioVersion = 17.3.32901.215
MinimumVisualStudioVersion = 10.0.40219.1
Project("{FAE04EC0-301F-11D3-BF4B-00C04F79EFBC}") = "Monogame_Herkansing", "Monogame_Herkansing\Monogame_Herkansing.csproj", "{74FD5B6D-8A72-4813-B840-B84DA63E7126}"
EndProject
Global
	GlobalSection(SolutionConfigurationPlatforms) = preSolution
		Debug|Any CPU = Debug|Any CPU
		Release|Any CPU = Release|Any CPU
	EndGlobalSection
	GlobalSection(ProjectConfigurationPlatforms) = postSolution
		{74FD5B6D-8A72-4813-B840-B84DA63E7126}.Debug|Any CPU.ActiveCfg = Debug|Any CPU
		{74FD5B6D-8A72-4813-B840-B84DA63E7126}.Debug|Any CPU.Build.0 = Debug|Any CPU
		{74FD5B6D-8A72-4813-B840-B84DA63E7126}.Release|Any CPU.ActiveCfg = Release|Any CPU
		{74FD5B6D-8A72-4813-B840-B84DA63E7126}.Release|Any CPU.Build.0 = Release|Any CPU
	EndGlobalSection
	GlobalSection(SolutionProperties) = preSolution
		HideSolutionNode = FALSE
	EndGlobalSection
	GlobalSection(ExtensibilityGlobals) = postSolution
		SolutionGuid = {01FA8700-B6EC-4BEF-97B2-004690EA65A4}
	EndGlobalSection
EndGlobal
